// !$*UTF8*$!
{
	archiveVersion = 1;
	classes = {
	};
	objectVersion = 48;
	objects = {

/* Begin PBXBuildFile section */
		5CB8A0D92063A35E00FE3B27 /* AppDelegate.m in Sources */ = {isa = PBXBuildFile; fileRef = 5CB8A0D82063A35E00FE3B27 /* AppDelegate.m */; };
		5CB8A0DC2063A35E00FE3B27 /* ViewController.m in Sources */ = {isa = PBXBuildFile; fileRef = 5CB8A0DB2063A35E00FE3B27 /* ViewController.m */; };
		5CB8A0DF2063A35E00FE3B27 /* Main.storyboard in Resources */ = {isa = PBXBuildFile; fileRef = 5CB8A0DD2063A35E00FE3B27 /* Main.storyboard */; };
		5CB8A0E22063A35E00FE3B27 /* B.xcdatamodeld in Sources */ = {isa = PBXBuildFile; fileRef = 5CB8A0E02063A35E00FE3B27 /* B.xcdatamodeld */; };
		5CB8A0E42063A35E00FE3B27 /* Assets.xcassets in Resources */ = {isa = PBXBuildFile; fileRef = 5CB8A0E32063A35E00FE3B27 /* Assets.xcassets */; };
		5CB8A0E72063A35E00FE3B27 /* LaunchScreen.storyboard in Resources */ = {isa = PBXBuildFile; fileRef = 5CB8A0E52063A35E00FE3B27 /* LaunchScreen.storyboard */; };
		5CB8A0EA2063A35E00FE3B27 /* main.m in Sources */ = {isa = PBXBuildFile; fileRef = 5CB8A0E92063A35E00FE3B27 /* main.m */; };
		5CB8A0F32063A79500FE3B27 /* BViewController.m in Sources */ = {isa = PBXBuildFile; fileRef = 5CB8A0F22063A79500FE3B27 /* BViewController.m */; };
		5CB8A0F72063A81500FE3B27 /* Target_ModuleB.m in Sources */ = {isa = PBXBuildFile; fileRef = 5CB8A0F62063A81500FE3B27 /* Target_ModuleB.m */; };
		5CB8A0F92063AC7800FE3B27 /* UIKit.framework in Frameworks */ = {isa = PBXBuildFile; fileRef = 5CB8A0F82063AC7800FE3B27 /* UIKit.framework */; };
		CCFFA23648447119A6521F44 /* libPods-B.a in Frameworks */ = {isa = PBXBuildFile; fileRef = 8D1AF2E253360708348D2F9A /* libPods-B.a */; };
/* End PBXBuildFile section */

/* Begin PBXFileReference section */
		14888BCF2AA324D58D48930B /* Pods-B.release.xcconfig */ = {isa = PBXFileReference; includeInIndex = 1; lastKnownFileType = text.xcconfig; name = "Pods-B.release.xcconfig"; path = "Pods/Target Support Files/Pods-B/Pods-B.release.xcconfig"; sourceTree = "<group>"; };
		5CB8A0D42063A35E00FE3B27 /* B.app */ = {isa = PBXFileReference; explicitFileType = wrapper.application; includeInIndex = 0; path = B.app; sourceTree = BUILT_PRODUCTS_DIR; };
		5CB8A0D72063A35E00FE3B27 /* AppDelegate.h */ = {isa = PBXFileReference; lastKnownFileType = sourcecode.c.h; path = AppDelegate.h; sourceTree = "<group>"; };
		5CB8A0D82063A35E00FE3B27 /* AppDelegate.m */ = {isa = PBXFileReference; lastKnownFileType = sourcecode.c.objc; path = AppDelegate.m; sourceTree = "<group>"; };
		5CB8A0DA2063A35E00FE3B27 /* ViewController.h */ = {isa = PBXFileReference; lastKnownFileType = sourcecode.c.h; path = ViewController.h; sourceTree = "<group>"; };
		5CB8A0DB2063A35E00FE3B27 /* ViewController.m */ = {isa = PBXFileReference; lastKnownFileType = sourcecode.c.objc; path = ViewController.m; sourceTree = "<group>"; };
		5CB8A0DE2063A35E00FE3B27 /* Base */ = {isa = PBXFileReference; lastKnownFileType = file.storyboard; name = Base; path = Base.lproj/Main.storyboard; sourceTree = "<group>"; };
		5CB8A0E12063A35E00FE3B27 /* B.xcdatamodel */ = {isa = PBXFileReference; lastKnownFileType = wrapper.xcdatamodel; path = B.xcdatamodel; sourceTree = "<group>"; };
		5CB8A0E32063A35E00FE3B27 /* Assets.xcassets */ = {isa = PBXFileReference; lastKnownFileType = folder.assetcatalog; path = Assets.xcassets; sourceTree = "<group>"; };
		5CB8A0E62063A35E00FE3B27 /* Base */ = {isa = PBXFileReference; lastKnownFileType = file.storyboard; name = Base; path = Base.lproj/LaunchScreen.storyboard; sourceTree = "<group>"; };
		5CB8A0E82063A35E00FE3B27 /* Info.plist */ = {isa = PBXFileReference; lastKnownFileType = text.plist.xml; path = Info.plist; sourceTree = "<group>"; };
		5CB8A0E92063A35E00FE3B27 /* main.m */ = {isa = PBXFileReference; lastKnownFileType = sourcecode.c.objc; path = main.m; sourceTree = "<group>"; };
		5CB8A0F12063A79500FE3B27 /* BViewController.h */ = {isa = PBXFileReference; fileEncoding = 4; lastKnownFileType = sourcecode.c.h; path = BViewController.h; sourceTree = "<group>"; };
		5CB8A0F22063A79500FE3B27 /* BViewController.m */ = {isa = PBXFileReference; fileEncoding = 4; lastKnownFileType = sourcecode.c.objc; path = BViewController.m; sourceTree = "<group>"; };
		5CB8A0F52063A81500FE3B27 /* Target_ModuleB.h */ = {isa = PBXFileReference; lastKnownFileType = sourcecode.c.h; path = Target_ModuleB.h; sourceTree = "<group>"; };
		5CB8A0F62063A81500FE3B27 /* Target_ModuleB.m */ = {isa = PBXFileReference; lastKnownFileType = sourcecode.c.objc; path = Target_ModuleB.m; sourceTree = "<group>"; };
		5CB8A0F82063AC7800FE3B27 /* UIKit.framework */ = {isa = PBXFileReference; lastKnownFileType = wrapper.framework; name = UIKit.framework; path = System/Library/Frameworks/UIKit.framework; sourceTree = SDKROOT; };
		8D1AF2E253360708348D2F9A /* libPods-B.a */ = {isa = PBXFileReference; explicitFileType = archive.ar; includeInIndex = 0; path = "libPods-B.a"; sourceTree = BUILT_PRODUCTS_DIR; };
		A46AB2DE9D06C2FDE768FC02 /* Pods-B.debug.xcconfig */ = {isa = PBXFileReference; includeInIndex = 1; lastKnownFileType = text.xcconfig; name = "Pods-B.debug.xcconfig"; path = "Pods/Target Support Files/Pods-B/Pods-B.debug.xcconfig"; sourceTree = "<group>"; };
/* End PBXFileReference section */

/* Begin PBXFrameworksBuildPhase section */
		5CB8A0D12063A35E00FE3B27 /* Frameworks */ = {
			isa = PBXFrameworksBuildPhase;
			buildActionMask = 2147483647;
			files = (
				5CB8A0F92063AC7800FE3B27 /* UIKit.framework in Frameworks */,
				CCFFA23648447119A6521F44 /* libPods-B.a in Frameworks */,
			);
			runOnlyForDeploymentPostprocessing = 0;
		};
/* End PBXFrameworksBuildPhase section */

/* Begin PBXGroup section */
		170AC4567FFD9F08F42AFB3D /* Pods */ = {
			isa = PBXGroup;
			children = (
				A46AB2DE9D06C2FDE768FC02 /* Pods-B.debug.xcconfig */,
				14888BCF2AA324D58D48930B /* Pods-B.release.xcconfig */,
			);
			name = Pods;
			sourceTree = "<group>";
		};
		3CCB4E07166617F081939587 /* Frameworks */ = {
			isa = PBXGroup;
			children = (
				5CB8A0F82063AC7800FE3B27 /* UIKit.framework */,
				8D1AF2E253360708348D2F9A /* libPods-B.a */,
			);
			name = Frameworks;
			sourceTree = "<group>";
		};
		5CB8A0CB2063A35E00FE3B27 = {
			isa = PBXGroup;
			children = (
				5CB8A0D62063A35E00FE3B27 /* B */,
				5CB8A0D52063A35E00FE3B27 /* Products */,
				170AC4567FFD9F08F42AFB3D /* Pods */,
				3CCB4E07166617F081939587 /* Frameworks */,
			);
			sourceTree = "<group>";
		};
		5CB8A0D52063A35E00FE3B27 /* Products */ = {
			isa = PBXGroup;
			children = (
				5CB8A0D42063A35E00FE3B27 /* B.app */,
			);
			name = Products;
			sourceTree = "<group>";
		};
		5CB8A0D62063A35E00FE3B27 /* B */ = {
			isa = PBXGroup;
			children = (
				5CB8A0F02063A75900FE3B27 /* B */,
				5CB8A0D72063A35E00FE3B27 /* AppDelegate.h */,
				5CB8A0D82063A35E00FE3B27 /* AppDelegate.m */,
				5CB8A0DA2063A35E00FE3B27 /* ViewController.h */,
				5CB8A0DB2063A35E00FE3B27 /* ViewController.m */,
				5CB8A0DD2063A35E00FE3B27 /* Main.storyboard */,
				5CB8A0E32063A35E00FE3B27 /* Assets.xcassets */,
				5CB8A0E52063A35E00FE3B27 /* LaunchScreen.storyboard */,
				5CB8A0E82063A35E00FE3B27 /* Info.plist */,
				5CB8A0E92063A35E00FE3B27 /* main.m */,
				5CB8A0E02063A35E00FE3B27 /* B.xcdatamodeld */,
			);
			path = B;
			sourceTree = "<group>";
		};
		5CB8A0F02063A75900FE3B27 /* B */ = {
			isa = PBXGroup;
			children = (
				5CB8A0F52063A81500FE3B27 /* Target_ModuleB.h */,
				5CB8A0F62063A81500FE3B27 /* Target_ModuleB.m */,
				5CB8A0F12063A79500FE3B27 /* BViewController.h */,
				5CB8A0F22063A79500FE3B27 /* BViewController.m */,
			);
			path = B;
			sourceTree = "<group>";
		};
/* End PBXGroup section */

/* Begin PBXNativeTarget section */
		5CB8A0D32063A35E00FE3B27 /* B */ = {
			isa = PBXNativeTarget;
			buildConfigurationList = 5CB8A0ED2063A35E00FE3B27 /* Build configuration list for PBXNativeTarget "B" */;
			buildPhases = (
				4134528F37E912255375DB11 /* [CP] Check Pods Manifest.lock */,
				5CB8A0D02063A35E00FE3B27 /* Sources */,
				5CB8A0D12063A35E00FE3B27 /* Frameworks */,
				5CB8A0D22063A35E00FE3B27 /* Resources */,
				26879EFEE49AF13A19C164E9 /* [CP] Embed Pods Frameworks */,
				9E5882DE4929BCE6725F23D8 /* [CP] Copy Pods Resources */,
			);
			buildRules = (
			);
			dependencies = (
			);
			name = B;
			productName = B;
			productReference = 5CB8A0D42063A35E00FE3B27 /* B.app */;
			productType = "com.apple.product-type.application";
		};
/* End PBXNativeTarget section */

/* Begin PBXProject section */
		5CB8A0CC2063A35E00FE3B27 /* Project object */ = {
			isa = PBXProject;
			attributes = {
				LastUpgradeCheck = 0920;
				ORGANIZATIONNAME = bkjk;
				TargetAttributes = {
					5CB8A0D32063A35E00FE3B27 = {
						CreatedOnToolsVersion = 9.2;
						ProvisioningStyle = Automatic;
					};
				};
			};
			buildConfigurationList = 5CB8A0CF2063A35E00FE3B27 /* Build configuration list for PBXProject "B" */;
			compatibilityVersion = "Xcode 8.0";
			developmentRegion = en;
			hasScannedForEncodings = 0;
			knownRegions = (
				en,
				Base,
			);
			mainGroup = 5CB8A0CB2063A35E00FE3B27;
			productRefGroup = 5CB8A0D52063A35E00FE3B27 /* Products */;
			projectDirPath = "";
			projectRoot = "";
			targets = (
				5CB8A0D32063A35E00FE3B27 /* B */,
			);
		};
/* End PBXProject section */

/* Begin PBXResourcesBuildPhase section */
		5CB8A0D22063A35E00FE3B27 /* Resources */ = {
			isa = PBXResourcesBuildPhase;
			buildActionMask = 2147483647;
			files = (
				5CB8A0E72063A35E00FE3B27 /* LaunchScreen.storyboard in Resources */,
				5CB8A0E42063A35E00FE3B27 /* Assets.xcassets in Resources */,
				5CB8A0DF2063A35E00FE3B27 /* Main.storyboard in Resources */,
			);
			runOnlyForDeploymentPostprocessing = 0;
		};
/* End PBXResourcesBuildPhase section */

/* Begin PBXShellScriptBuildPhase section */
		26879EFEE49AF13A19C164E9 /* [CP] Embed Pods Frameworks */ = {
			isa = PBXShellScriptBuildPhase;
			buildActionMask = 2147483647;
			files = (
			);
			inputPaths = (
			);
			name = "[CP] Embed Pods Frameworks";
			outputPaths = (
			);
			runOnlyForDeploymentPostprocessing = 0;
			shellPath = /bin/sh;
			shellScript = "\"${SRCROOT}/Pods/Target Support Files/Pods-B/Pods-B-frameworks.sh\"\n";
			showEnvVarsInLog = 0;
		};
		4134528F37E912255375DB11 /* [CP] Check Pods Manifest.lock */ = {
			isa = PBXShellScriptBuildPhase;
			buildActionMask = 2147483647;
			files = (
			);
			inputPaths = (
				"${PODS_PODFILE_DIR_PATH}/Podfile.lock",
				"${PODS_ROOT}/Manifest.lock",
			);
			name = "[CP] Check Pods Manifest.lock";
			outputPaths = (
				"$(DERIVED_FILE_DIR)/Pods-B-checkManifestLockResult.txt",
			);
			runOnlyForDeploymentPostprocessing = 0;
			shellPath = /bin/sh;
			shellScript = "diff \"${PODS_PODFILE_DIR_PATH}/Podfile.lock\" \"${PODS_ROOT}/Manifest.lock\" > /dev/null\nif [ $? != 0 ] ; then\n    # print error to STDERR\n    echo \"error: The sandbox is not in sync with the Podfile.lock. Run 'pod install' or update your CocoaPods installation.\" >&2\n    exit 1\nfi\n# This output is used by Xcode 'outputs' to avoid re-running this script phase.\necho \"SUCCESS\" > \"${SCRIPT_OUTPUT_FILE_0}\"\n";
			showEnvVarsInLog = 0;
		};
		9E5882DE4929BCE6725F23D8 /* [CP] Copy Pods Resources */ = {
			isa = PBXShellScriptBuildPhase;
			buildActionMask = 2147483647;
			files = (
			);
			inputPaths = (
			);
			name = "[CP] Copy Pods Resources";
			outputPaths = (
			);
			runOnlyForDeploymentPostprocessing = 0;
			shellPath = /bin/sh;
			shellScript = "\"${SRCROOT}/Pods/Target Support Files/Pods-B/Pods-B-resources.sh\"\n";
			showEnvVarsInLog = 0;
		};
/* End PBXShellScriptBuildPhase section */

/* Begin PBXSourcesBuildPhase section */
		5CB8A0D02063A35E00FE3B27 /* Sources */ = {
			isa = PBXSourcesBuildPhase;
			buildActionMask = 2147483647;
			files = (
				5CB8A0DC2063A35E00FE3B27 /* ViewController.m in Sources */,
				5CB8A0F72063A81500FE3B27 /* Target_ModuleB.m in Sources */,
				5CB8A0E22063A35E00FE3B27 /* B.xcdatamodeld in Sources */,
				5CB8A0EA2063A35E00FE3B27 /* main.m in Sources */,
				5CB8A0F32063A79500FE3B27 /* BViewController.m in Sources */,
				5CB8A0D92063A35E00FE3B27 /* AppDelegate.m in Sources */,
			);
			runOnlyForDeploymentPostprocessing = 0;
		};
/* End PBXSourcesBuildPhase section */

/* Begin PBXVariantGroup section */
		5CB8A0DD2063A35E00FE3B27 /* Main.storyboard */ = {
			isa = PBXVariantGroup;
			children = (
				5CB8A0DE2063A35E00FE3B27 /* Base */,
			);
			name = Main.storyboard;
			sourceTree = "<group>";
		};
		5CB8A0E52063A35E00FE3B27 /* LaunchScreen.storyboard */ = {
			isa = PBXVariantGroup;
			children = (
				5CB8A0E62063A35E00FE3B27 /* Base */,
			);
			name = LaunchScreen.storyboard;
			sourceTree = "<group>";
		};
/* End PBXVariantGroup section */

/* Begin XCBuildConfiguration section */
		5CB8A0EB2063A35E00FE3B27 /* Debug */ = {
			isa = XCBuildConfiguration;
			buildSettings = {
				ALWAYS_SEARCH_USER_PATHS = NO;
				CLANG_ANALYZER_NONNULL = YES;
				CLANG_ANALYZER_NUMBER_OBJECT_CONVERSION = YES_AGGRESSIVE;
				CLANG_CXX_LANGUAGE_STANDARD = "gnu++14";
				CLANG_CXX_LIBRARY = "libc++";
				CLANG_ENABLE_MODULES = YES;
				CLANG_ENABLE_OBJC_ARC = YES;
				CLANG_WARN_BLOCK_CAPTURE_AUTORELEASING = YES;
				CLANG_WARN_BOOL_CONVERSION = YES;
				CLANG_WARN_COMMA = YES;
				CLANG_WARN_CONSTANT_CONVERSION = YES;
				CLANG_WARN_DIRECT_OBJC_ISA_USAGE = YES_ERROR;
				CLANG_WARN_DOCUMENTATION_COMMENTS = YES;
				CLANG_WARN_EMPTY_BODY = YES;
				CLANG_WARN_ENUM_CONVERSION = YES;
				CLANG_WARN_INFINITE_RECURSION = YES;
				CLANG_WARN_INT_CONVERSION = YES;
				CLANG_WARN_NON_LITERAL_NULL_CONVERSION = YES;
				CLANG_WARN_OBJC_LITERAL_CONVERSION = YES;
				CLANG_WARN_OBJC_ROOT_CLASS = YES_ERROR;
				CLANG_WARN_RANGE_LOOP_ANALYSIS = YES;
				CLANG_WARN_STRICT_PROTOTYPES = YES;
				CLANG_WARN_SUSPICIOUS_MOVE = YES;
				CLANG_WARN_UNGUARDED_AVAILABILITY = YES_AGGRESSIVE;
				CLANG_WARN_UNREACHABLE_CODE = YES;
				CLANG_WARN__DUPLICATE_METHOD_MATCH = YES;
				CODE_SIGN_IDENTITY = "iPhone Developer";
				COPY_PHASE_STRIP = NO;
				DEBUG_INFORMATION_FORMAT = dwarf;
				ENABLE_STRICT_OBJC_MSGSEND = YES;
				ENABLE_TESTABILITY = YES;
				GCC_C_LANGUAGE_STANDARD = gnu11;
				GCC_DYNAMIC_NO_PIC = NO;
				GCC_NO_COMMON_BLOCKS = YES;
				GCC_OPTIMIZATION_LEVEL = 0;
				GCC_PREPROCESSOR_DEFINITIONS = (
					"DEBUG=1",
					"$(inherited)",
				);
				GCC_WARN_64_TO_32_BIT_CONVERSION = YES;
				GCC_WARN_ABOUT_RETURN_TYPE = YES_ERROR;
				GCC_WARN_UNDECLARED_SELECTOR = YES;
				GCC_WARN_UNINITIALIZED_AUTOS = YES_AGGRESSIVE;
				GCC_WARN_UNUSED_FUNCTION = YES;
				GCC_WARN_UNUSED_VARIABLE = YES;
				IPHONEOS_DEPLOYMENT_TARGET = 11.2;
				MTL_ENABLE_DEBUG_INFO = YES;
				ONLY_ACTIVE_ARCH = YES;
				SDKROOT = iphoneos;
			};
			name = Debug;
		};
		5CB8A0EC2063A35E00FE3B27 /* Release */ = {
			isa = XCBuildConfiguration;
			buildSettings = {
				ALWAYS_SEARCH_USER_PATHS = NO;
				CLANG_ANALYZER_NONNULL = YES;
				CLANG_ANALYZER_NUMBER_OBJECT_CONVERSION = YES_AGGRESSIVE;
				CLANG_CXX_LANGUAGE_STANDARD = "gnu++14";
				CLANG_CXX_LIBRARY = "libc++";
				CLANG_ENABLE_MODULES = YES;
				CLANG_ENABLE_OBJC_ARC = YES;
				CLANG_WARN_BLOCK_CAPTURE_AUTORELEASING = YES;
				CLANG_WARN_BOOL_CONVERSION = YES;
				CLANG_WARN_COMMA = YES;
				CLANG_WARN_CONSTANT_CONVERSION = YES;
				CLANG_WARN_DIRECT_OBJC_ISA_USAGE = YES_ERROR;
				CLANG_WARN_DOCUMENTATION_COMMENTS = YES;
				CLANG_WARN_EMPTY_BODY = YES;
				CLANG_WARN_ENUM_CONVERSION = YES;
				CLANG_WARN_INFINITE_RECURSION = YES;
				CLANG_WARN_INT_CONVERSION = YES;
				CLANG_WARN_NON_LITERAL_NULL_CONVERSION = YES;
				CLANG_WARN_OBJC_LITERAL_CONVERSION = YES;
				CLANG_WARN_OBJC_ROOT_CLASS = YES_ERROR;
				CLANG_WARN_RANGE_LOOP_ANALYSIS = YES;
				CLANG_WARN_STRICT_PROTOTYPES = YES;
				CLANG_WARN_SUSPICIOUS_MOVE = YES;
				CLANG_WARN_UNGUARDED_AVAILABILITY = YES_AGGRESSIVE;
				CLANG_WARN_UNREACHABLE_CODE = YES;
				CLANG_WARN__DUPLICATE_METHOD_MATCH = YES;
				CODE_SIGN_IDENTITY = "iPhone Developer";
				COPY_PHASE_STRIP = NO;
				DEBUG_INFORMATION_FORMAT = "dwarf-with-dsym";
				ENABLE_NS_ASSERTIONS = NO;
				ENABLE_STRICT_OBJC_MSGSEND = YES;
				GCC_C_LANGUAGE_STANDARD = gnu11;
				GCC_NO_COMMON_BLOCKS = YES;
				GCC_WARN_64_TO_32_BIT_CONVERSION = YES;
				GCC_WARN_ABOUT_RETURN_TYPE = YES_ERROR;
				GCC_WARN_UNDECLARED_SELECTOR = YES;
				GCC_WARN_UNINITIALIZED_AUTOS = YES_AGGRESSIVE;
				GCC_WARN_UNUSED_FUNCTION = YES;
				GCC_WARN_UNUSED_VARIABLE = YES;
				IPHONEOS_DEPLOYMENT_TARGET = 11.2;
				MTL_ENABLE_DEBUG_INFO = NO;
				SDKROOT = iphoneos;
				VALIDATE_PRODUCT = YES;
			};
			name = Release;
		};
		5CB8A0EE2063A35E00FE3B27 /* Debug */ = {
			isa = XCBuildConfiguration;
			baseConfigurationReference = A46AB2DE9D06C2FDE768FC02 /* Pods-B.debug.xcconfig */;
			buildSettings = {
				ASSETCATALOG_COMPILER_APPICON_NAME = AppIcon;
				CODE_SIGN_STYLE = Automatic;
				INFOPLIST_FILE = B/Info.plist;
				LD_RUNPATH_SEARCH_PATHS = "$(inherited) @executable_path/Frameworks";
				PRODUCT_BUNDLE_IDENTIFIER = com.bkjk.B;
				PRODUCT_NAME = "$(TARGET_NAME)";
				TARGETED_DEVICE_FAMILY = "1,2";
			};
			name = Debug;
		};
		5CB8A0EF2063A35E00FE3B27 /* Release */ = {
			isa = XCBuildConfiguration;
			baseConfigurationReference = 14888BCF2AA324D58D48930B /* Pods-B.release.xcconfig */;
			buildSettings = {
				ASSETCATALOG_COMPILER_APPICON_NAME = AppIcon;
				CODE_SIGN_STYLE = Automatic;
				INFOPLIST_FILE = B/Info.plist;
				LD_RUNPATH_SEARCH_PATHS = "$(inherited) @executable_path/Frameworks";
				PRODUCT_BUNDLE_IDENTIFIER = com.bkjk.B;
				PRODUCT_NAME = "$(TARGET_NAME)";
				TARGETED_DEVICE_FAMILY = "1,2";
			};
			name = Release;
		};
/* End XCBuildConfiguration section */

/* Begin XCConfigurationList section */
		5CB8A0CF2063A35E00FE3B27 /* Build configuration list for PBXProject "B" */ = {
			isa = XCConfigurationList;
			buildConfigurations = (
				5CB8A0EB2063A35E00FE3B27 /* Debug */,
				5CB8A0EC2063A35E00FE3B27 /* Release */,
			);
			defaultConfigurationIsVisible = 0;
			defaultConfigurationName = Release;
		};
		5CB8A0ED2063A35E00FE3B27 /* Build configuration list for PBXNativeTarget "B" */ = {
			isa = XCConfigurationList;
			buildConfigurations = (
				5CB8A0EE2063A35E00FE3B27 /* Debug */,
				5CB8A0EF2063A35E00FE3B27 /* Release */,
			);
			defaultConfigurationIsVisible = 0;
			defaultConfigurationName = Release;
		};
/* End XCConfigurationList section */

/* Begin XCVersionGroup section */
		5CB8A0E02063A35E00FE3B27 /* B.xcdatamodeld */ = {
			isa = XCVersionGroup;
			children = (
				5CB8A0E12063A35E00FE3B27 /* B.xcdatamodel */,
			);
			currentVersion = 5CB8A0E12063A35E00FE3B27 /* B.xcdatamodel */;
			path = B.xcdatamodeld;
			sourceTree = "<group>";
			versionGroupType = wrapper.xcdatamodel;
		};
/* End XCVersionGroup section */
	};
	rootObject = 5CB8A0CC2063A35E00FE3B27 /* Project object */;
}
